{
    "_readme": [
        "This file locks the dependencies of your project to a known state",
        "Read more about it at https://getcomposer.org/doc/01-basic-usage.md#installing-dependencies",
        "This file is @generated automatically"
    ],
    "content-hash": "2389d58d20408ceac40db1d336d91834",
    "packages": [
        {
            "name": "composer/installers",
            "version": "v1.10.0",
            "source": {
                "type": "git",
                "url": "https://github.com/composer/installers.git",
                "reference": "1a0357fccad9d1cc1ea0c9a05b8847fbccccb78d"
            },
            "dist": {
                "type": "zip",
                "url": "https://api.github.com/repos/composer/installers/zipball/1a0357fccad9d1cc1ea0c9a05b8847fbccccb78d",
                "reference": "1a0357fccad9d1cc1ea0c9a05b8847fbccccb78d",
                "shasum": ""
            },
            "require": {
                "composer-plugin-api": "^1.0 || ^2.0"
            },
            "replace": {
                "roundcube/plugin-installer": "*",
                "shama/baton": "*"
            },
            "require-dev": {
                "composer/composer": "1.6.* || ^2.0",
                "composer/semver": "^1 || ^3",
                "phpstan/phpstan": "^0.12.55",
                "phpstan/phpstan-phpunit": "^0.12.16",
                "symfony/phpunit-bridge": "^4.2 || ^5",
                "symfony/process": "^2.3"
            },
            "type": "composer-plugin",
            "extra": {
                "class": "Composer\\Installers\\Plugin",
                "branch-alias": {
                    "dev-main": "1.x-dev"
                }
            },
            "autoload": {
                "psr-4": {
                    "Composer\\Installers\\": "src/Composer/Installers"
                }
            },
            "notification-url": "https://packagist.org/downloads/",
            "license": [
                "MIT"
            ],
            "authors": [
                {
                    "name": "Kyle Robinson Young",
                    "email": "kyle@dontkry.com",
                    "homepage": "https://github.com/shama"
                }
            ],
            "description": "A multi-framework Composer library installer",
            "homepage": "https://composer.github.io/installers/",
            "keywords": [
                "Craft",
                "Dolibarr",
                "Eliasis",
                "Hurad",
                "ImageCMS",
                "Kanboard",
                "Lan Management System",
                "MODX Evo",
                "MantisBT",
                "Mautic",
                "Maya",
                "OXID",
                "Plentymarkets",
                "Porto",
                "RadPHP",
                "SMF",
                "Starbug",
                "Thelia",
                "Whmcs",
                "WolfCMS",
                "agl",
                "aimeos",
                "annotatecms",
                "attogram",
                "bitrix",
                "cakephp",
                "chef",
                "cockpit",
                "codeigniter",
                "concrete5",
                "croogo",
                "dokuwiki",
                "drupal",
                "eZ Platform",
                "elgg",
                "expressionengine",
                "fuelphp",
                "grav",
                "installer",
                "itop",
                "joomla",
                "known",
                "kohana",
                "laravel",
                "lavalite",
                "lithium",
                "magento",
                "majima",
                "mako",
                "mediawiki",
                "modulework",
                "modx",
                "moodle",
                "osclass",
                "phpbb",
                "piwik",
                "ppi",
                "processwire",
                "puppet",
                "pxcms",
                "reindex",
                "roundcube",
                "shopware",
                "silverstripe",
                "sydes",
                "sylius",
                "symfony",
                "typo3",
                "wordpress",
                "yawik",
                "zend",
                "zikula"
            ],
            "support": {
                "issues": "https://github.com/composer/installers/issues",
                "source": "https://github.com/composer/installers/tree/v1.10.0"
            },
            "funding": [
                {
                    "url": "https://packagist.com",
                    "type": "custom"
                },
                {
                    "url": "https://github.com/composer",
                    "type": "github"
                },
                {
                    "url": "https://tidelift.com/funding/github/packagist/composer/composer",
                    "type": "tidelift"
                }
            ],
            "time": "2021-01-14T11:07:16+00:00"
        },
        {
            "name": "cumulusconnects/cumulus",
            "version": "dev-master",
            "source": {
                "type": "git",
                "url": "https://github.com/cumulusconnects/cumulus",
                "reference": "5c290538a9c15d451c29c7b068afa003ef546466"
            },
            "require": {
                "npm-asset/axios": "~0.19",
                "npm-asset/swiper": "~5.4",
                "npm-asset/trix": "1.2.4",
                "npm-asset/vue": "2.6.11"
            },
            "default-branch": true,
            "type": "wordpress-theme",
            "time": "2021-03-01T01:10:28+00:00"
        },
        {
            "name": "cumulusconnects/customize-cumulus",
            "version": "dev-main",
            "source": {
                "type": "git",
                "url": "https://github.com/cumulusconnects/customize-cumulus",
                "reference": "f270bc5bcf175a2a97c2b4251b8516acce590279"
            },
            "require": {
                "dol-lab/taxonomy-helper": "dev-main"
            },
            "default-branch": true,
            "type": "wordpress-plugin",
            "license": [
                "gpl2"
            ],
            "authors": [
                {
                    "name": "Vitus Schuhwerk",
                    "email": "vitus.schuhwerk@gmail.com"
                }
            ],
            "description": "Customize WordPress/Spaces for Cumulusconnects",
            "time": "2021-03-14T16:35:14+00:00"
        },
        {
            "name": "dol-lab/taxonomy-helper",
            "version": "dev-main",
            "source": {
                "type": "git",
                "url": "https://github.com/dol-lab/taxonomy-helper",
                "reference": "ec42e666e594b65a655b8281667a53b473d50441"
            },
            "default-branch": true,
            "type": "library",
            "autoload": {
                "classmap": [
                    "classes/"
                ]
            },
            "license": [
                "MIT"
            ],
            "authors": [
                {
                    "name": "Vitus Schuhwerk",
                    "email": "vitus.schuhwerk@gmail.com"
                }
            ],
            "description": "Helps creating custom taxonomies (also for users).",
            "homepage": "https://github.com/dol-lab/taxonomy-helper",
            "time": "2021-03-05T21:03:52+00:00"
        },
        {
            "name": "elevati/wp-api-multiple-posttype",
            "version": "1.0.4",
            "source": {
                "type": "git",
                "url": "https://github.com/elevati/wp-api-multiple-posttype",
                "reference": "25e4b58543d3108874864dcc76681fb68c6d54a0"
            },
            "require": {
                "composer/installers": "~1.0"
            },
            "require-dev": {
                "squizlabs/php_codesniffer": "2.3.4",
                "wp-coding-standards/wpcs": "0.6.0"
            },
            "type": "wordpress-plugin",
            "scripts": {
                "post-install-cmd": [
                    "\"phpcs\" --config-set installed_paths vendor/wp-coding-standards/wpcs"
                ],
                "post-update-cmd": [
                    "\"phpcs\" --config-set installed_paths vendor/wp-coding-standards/wpcs"
                ]
            },
            "license": [
                "GPL-3.0-or-later"
            ],
            "authors": [
                {
                    "name": "Elevati Team",
                    "homepage": "http://elevati.com/"
                },
                {
                    "name": "Ruben Vreeken",
                    "homepage": "https://github.com/Rayraz"
                }
            ],
            "description": "Extension of wp/v2/posts api to allow query multiple post types",
            "time": "2018-07-12T14:07:36+00:00"
        },
        {
            "name": "npm-asset/axios",
            "version": "0.21.1",
            "dist": {
                "type": "tar",
                "url": "https://registry.npmjs.org/axios/-/axios-0.21.1.tgz"
            },
            "require": {
                "npm-asset/follow-redirects": ">=1.10.0,<2.0.0"
            },
            "type": "npm-asset",
            "license": [
                "MIT"
            ]
        },
        {
            "name": "npm-asset/dom7",
            "version": "2.1.5",
            "dist": {
                "type": "tar",
                "url": "https://registry.npmjs.org/dom7/-/dom7-2.1.5.tgz"
            },
            "require": {
                "npm-asset/ssr-window": ">=2.0.0,<3.0.0"
            },
            "type": "npm-asset",
            "license": [
                "MIT"
            ]
        },
        {
            "name": "npm-asset/follow-redirects",
            "version": "1.13.0",
            "dist": {
                "type": "tar",
                "url": "https://registry.npmjs.org/follow-redirects/-/follow-redirects-1.13.0.tgz"
            },
            "type": "npm-asset",
            "license": [
                "MIT"
            ]
        },
        {
            "name": "npm-asset/ssr-window",
            "version": "2.0.0",
            "dist": {
                "type": "tar",
                "url": "https://registry.npmjs.org/ssr-window/-/ssr-window-2.0.0.tgz"
            },
            "type": "npm-asset",
            "license": [
                "MIT"
            ]
        },
        {
            "name": "npm-asset/swiper",
            "version": "5.4.5",
            "dist": {
                "type": "tar",
                "url": "https://registry.npmjs.org/swiper/-/swiper-5.4.5.tgz"
            },
            "require": {
                "npm-asset/dom7": ">=2.1.5,<3.0.0",
                "npm-asset/ssr-window": ">=2.0.0,<3.0.0"
            },
            "type": "npm-asset",
            "license": [
                "MIT"
            ]
        },
        {
            "name": "npm-asset/trix",
            "version": "1.2.4",
            "dist": {
                "type": "tar",
                "url": "https://registry.npmjs.org/trix/-/trix-1.2.4.tgz"
            },
            "type": "npm-asset",
            "license": [
                "MIT"
            ]
        },
        {
            "name": "npm-asset/vue",
            "version": "2.6.11",
            "dist": {
                "type": "tar",
                "url": "https://registry.npmjs.org/vue/-/vue-2.6.11.tgz"
            },
            "type": "npm-asset",
            "license": [
                "MIT"
            ]
        },
        {
            "name": "schuhwerk/event-organiser-rest-api",
            "version": "dev-master",
            "source": {
                "type": "git",
                "url": "https://github.com/schuhwerk/event-organiser-rest-api",
                "reference": "master"
            },
            "type": "wordpress-plugin"
        },
        {
            "name": "wpackagist-plugin/acf-to-rest-api",
            "version": "3.3.2",
            "source": {
                "type": "svn",
                "url": "https://plugins.svn.wordpress.org/acf-to-rest-api/",
                "reference": "tags/3.3.2"
            },
            "dist": {
                "type": "zip",
                "url": "https://downloads.wordpress.org/plugin/acf-to-rest-api.3.3.2.zip"
            },
            "require": {
                "composer/installers": "~1.0"
            },
            "type": "wordpress-plugin",
            "homepage": "https://wordpress.org/plugins/acf-to-rest-api/"
        },
        {
            "name": "wpackagist-plugin/advanced-custom-fields",
            "version": "5.9.5",
            "source": {
                "type": "svn",
                "url": "https://plugins.svn.wordpress.org/advanced-custom-fields/",
                "reference": "tags/5.9.5"
            },
            "dist": {
                "type": "zip",
                "url": "https://downloads.wordpress.org/plugin/advanced-custom-fields.5.9.5.zip"
            },
            "require": {
                "composer/installers": "~1.0"
            },
            "type": "wordpress-plugin",
            "homepage": "https://wordpress.org/plugins/advanced-custom-fields/"
        },
        {
            "name": "wpackagist-plugin/cookie-notice",
            "version": "2.0.3",
            "source": {
                "type": "svn",
                "url": "https://plugins.svn.wordpress.org/cookie-notice/",
                "reference": "tags/2.0.3"
            },
            "dist": {
                "type": "zip",
                "url": "https://downloads.wordpress.org/plugin/cookie-notice.2.0.3.zip"
            },
            "require": {
                "composer/installers": "~1.0"
            },
            "type": "wordpress-plugin",
            "homepage": "https://wordpress.org/plugins/cookie-notice/"
        },
        {
            "name": "wpackagist-plugin/relevanssi",
            "version": "4.12.4",
            "source": {
                "type": "svn",
                "url": "https://plugins.svn.wordpress.org/relevanssi/",
                "reference": "tags/4.12.4"
            },
            "dist": {
                "type": "zip",
                "url": "https://downloads.wordpress.org/plugin/relevanssi.4.12.4.zip"
            },
            "require": {
                "composer/installers": "~1.0"
            },
            "type": "wordpress-plugin",
            "homepage": "https://wordpress.org/plugins/relevanssi/"
        },
        {
            "name": "wpackagist-plugin/user-registration",
            "version": "1.9.4.1",
            "source": {
                "type": "svn",
                "url": "https://plugins.svn.wordpress.org/user-registration/",
                "reference": "tags/1.9.4.1"
            },
            "dist": {
                "type": "zip",
                "url": "https://downloads.wordpress.org/plugin/user-registration.1.9.4.1.zip"
            },
            "require": {
                "composer/installers": "~1.0"
            },
            "type": "wordpress-plugin",
            "homepage": "https://wordpress.org/plugins/user-registration/"
        },
        {
            "name": "wpackagist-plugin/wp-api-multiple-posttype",
            "version": "1.0.3",
            "source": {
                "type": "svn",
                "url": "https://plugins.svn.wordpress.org/wp-api-multiple-posttype/",
                "reference": "tags/1.0.3"
            },
            "dist": {
                "type": "zip",
                "url": "https://downloads.wordpress.org/plugin/wp-api-multiple-posttype.1.0.3.zip"
            },
            "require": {
                "composer/installers": "~1.0"
            },
            "type": "wordpress-plugin",
            "homepage": "https://wordpress.org/plugins/wp-api-multiple-posttype/"
        },
        {
            "name": "wpackagist-plugin/wp-graphql",
            "version": "1.0.5",
            "source": {
                "type": "svn",
                "url": "https://plugins.svn.wordpress.org/wp-graphql/",
                "reference": "tags/1.0.5"
            },
            "dist": {
                "type": "zip",
                "url": "https://downloads.wordpress.org/plugin/wp-graphql.1.0.5.zip"
            },
            "require": {
                "composer/installers": "~1.0"
            },
            "type": "wordpress-plugin",
            "homepage": "https://wordpress.org/plugins/wp-graphql/"
        }
    ],
    "packages-dev": [],
    "aliases": [],
    "minimum-stability": "dev",
    "stability-flags": {
        "cumulusconnects/cumulus": 20,
        "cumulusconnects/customize-cumulus": 20,
        "schuhwerk/event-organiser-rest-api": 20
    },
    "prefer-stable": true,
    "prefer-lowest": false,
    "platform": [],
    "platform-dev": [],
    "plugin-api-version": "2.0.0"
}
